{
  "requires": true,
  "lockfileVersion": 1,
  "dependencies": {
    "react-infinite-scroll-component": {
      "version": "5.0.5",
      "resolved": "https://registry.npmjs.org/react-infinite-scroll-component/-/react-infinite-scroll-component-5.0.5.tgz",
      "integrity": "sha512-Xsqqo6gp+mtPbJe/j3hRZrVLFT+gA5FpE4i21HsMJo87vrqVSda8PLOeH+Wizp6SIW8MM1NaYvF7lblfG5YeCA==",
      "requires": {
        "throttle-debounce": "^2.1.0"
      }
    },
    "throttle-debounce": {
      "version": "2.2.1",
      "resolved": "https://registry.npmjs.org/throttle-debounce/-/throttle-debounce-2.2.1.tgz",
      "integrity": "sha512-i9hAVld1f+woAiyNGqWelpDD5W1tpMroL3NofTz9xzwq6acWBlO2dC8k5EFSZepU6oOINtV5Q3aSPoRg7o4+fA=="
    }
  }
}
